# This file is generated by running "yarn install" inside your project.
# Manual changes might be lost - proceed with caution!

__metadata:
  version: 8
  cacheKey: 10c0

"dotenv@npm:^16.6.1":
  version: 16.6.1
  resolution: "dotenv@npm:16.6.1"
  checksum: 10c0/15ce56608326ea0d1d9414a5c8ee6dcf0fffc79d2c16422b4ac2268e7e2d76ff5a572d37ffe747c377de12005f14b3cc22361e79fc7f1061cce81f77d2c973dc
  languageName: node
  linkType: hard

"m68k-nibbles@workspace:.":
  version: 0.0.0-use.local
  resolution: "m68k-nibbles@workspace:."
  dependencies:
    dotenv: "npm:^16.6.1"
  languageName: unknown
  linkType: soft
